// !$*UTF8*$!
{
	archiveVersion = 1;
	classes = {
	};
	objectVersion = 46;
	objects = {

/* Begin PBXBuildFile section */
		9246874B1DA58EFA006E8802 /* AppDelegate.swift in Sources */ = {isa = PBXBuildFile; fileRef = 9246874A1DA58EFA006E8802 /* AppDelegate.swift */; };
		9246874D1DA58EFA006E8802 /* ViewController.swift in Sources */ = {isa = PBXBuildFile; fileRef = 9246874C1DA58EFA006E8802 /* ViewController.swift */; };
		924687501DA58EFA006E8802 /* Main.storyboard in Resources */ = {isa = PBXBuildFile; fileRef = 9246874E1DA58EFA006E8802 /* Main.storyboard */; };
		924687521DA58EFA006E8802 /* Assets.xcassets in Resources */ = {isa = PBXBuildFile; fileRef = 924687511DA58EFA006E8802 /* Assets.xcassets */; };
		924687551DA58EFA006E8802 /* LaunchScreen.storyboard in Resources */ = {isa = PBXBuildFile; fileRef = 924687531DA58EFA006E8802 /* LaunchScreen.storyboard */; };
/* End PBXBuildFile section */

/* Begin PBXFileReference section */
		924687471DA58EFA006E8802 /* unitAssessment.app */ = {isa = PBXFileReference; explicitFileType = wrapper.application; includeInIndex = 0; path = unitAssessment.app; sourceTree = BUILT_PRODUCTS_DIR; };
		9246874A1DA58EFA006E8802 /* AppDelegate.swift */ = {isa = PBXFileReference; lastKnownFileType = sourcecode.swift; path = AppDelegate.swift; sourceTree = "<group>"; };
		9246874C1DA58EFA006E8802 /* ViewController.swift */ = {isa = PBXFileReference; lastKnownFileType = sourcecode.swift; path = ViewController.swift; sourceTree = "<group>"; };
		9246874F1DA58EFA006E8802 /* Base */ = {isa = PBXFileReference; lastKnownFileType = file.storyboard; name = Base; path = Base.lproj/Main.storyboard; sourceTree = "<group>"; };
		924687511DA58EFA006E8802 /* Assets.xcassets */ = {isa = PBXFileReference; lastKnownFileType = folder.assetcatalog; path = Assets.xcassets; sourceTree = "<group>"; };
		924687541DA58EFA006E8802 /* Base */ = {isa = PBXFileReference; lastKnownFileType = file.storyboard; name = Base; path = Base.lproj/LaunchScreen.storyboard; sourceTree = "<group>"; };
		924687561DA58EFA006E8802 /* Info.plist */ = {isa = PBXFileReference; lastKnownFileType = text.plist.xml; path = Info.plist; sourceTree = "<group>"; };
/* End PBXFileReference section */

/* Begin PBXFrameworksBuildPhase section */
		924687441DA58EFA006E8802 /* Frameworks */ = {
			isa = PBXFrameworksBuildPhase;
			buildActionMask = 2147483647;
			files = (
			);
			runOnlyForDeploymentPostprocessing = 0;
		};
/* End PBXFrameworksBuildPhase section */

/* Begin PBXGroup section */
		9246873E1DA58EFA006E8802 = {
			isa = PBXGroup;
			children = (
				924687491DA58EFA006E8802 /* unitAssessment */,
				924687481DA58EFA006E8802 /* Products */,
			);
			sourceTree = "<group>";
		};
		924687481DA58EFA006E8802 /* Products */ = {
			isa = PBXGroup;
			children = (
				924687471DA58EFA006E8802 /* unitAssessment.app */,
			);
			name = Products;
			sourceTree = "<group>";
		};
		924687491DA58EFA006E8802 /* unitAssessment */ = {
			isa = PBXGroup;
			children = (
				9246874A1DA58EFA006E8802 /* AppDelegate.swift */,
				9246874C1DA58EFA006E8802 /* ViewController.swift */,
				9246874E1DA58EFA006E8802 /* Main.storyboard */,
				924687511DA58EFA006E8802 /* Assets.xcassets */,
				924687531DA58EFA006E8802 /* LaunchScreen.storyboard */,
				924687561DA58EFA006E8802 /* Info.plist */,
			);
			path = unitAssessment;
			sourceTree = "<group>";
		};
/* End PBXGroup section */

/* Begin PBXNativeTarget section */
		924687461DA58EFA006E8802 /* unitAssessment */ = {
			isa = PBXNativeTarget;
			buildConfigurationList = 924687591DA58EFA006E8802 /* Build configuration list for PBXNativeTarget "unitAssessment" */;
			buildPhases = (
				924687431DA58EFA006E8802 /* Sources */,
				924687441DA58EFA006E8802 /* Frameworks */,
				924687451DA58EFA006E8802 /* Resources */,
			);
			buildRules = (
			);
			dependencies = (
			);
			name = unitAssessment;
			productName = unitAssessment;
			productReference = 924687471DA58EFA006E8802 /* unitAssessment.app */;
			productType = "com.apple.product-type.application";
		};
/* End PBXNativeTarget section */

/* Begin PBXProject section */
		9246873F1DA58EFA006E8802 /* Project object */ = {
			isa = PBXProject;
			attributes = {
				LastSwiftUpdateCheck = 0800;
				LastUpgradeCheck = 0800;
				ORGANIZATIONNAME = "Kareem James";
				TargetAttributes = {
					924687461DA58EFA006E8802 = {
						CreatedOnToolsVersion = 8.0;
						ProvisioningStyle = Automatic;
					};
				};
			};
			buildConfigurationList = 924687421DA58EFA006E8802 /* Build configuration list for PBXProject "unitAssessment" */;
			compatibilityVersion = "Xcode 3.2";
			developmentRegion = English;
			hasScannedForEncodings = 0;
			knownRegions = (
				en,
				Base,
			);
			mainGroup = 9246873E1DA58EFA006E8802;
			productRefGroup = 924687481DA58EFA006E8802 /* Products */;
			projectDirPath = "";
			projectRoot = "";
			targets = (
				924687461DA58EFA006E8802 /* unitAssessment */,
			);
		};
/* End PBXProject section */

/* Begin PBXResourcesBuildPhase section */
		924687451DA58EFA006E8802 /* Resources */ = {
			isa = PBXResourcesBuildPhase;
			buildActionMask = 2147483647;
			files = (
				924687551DA58EFA006E8802 /* LaunchScreen.storyboard in Resources */,
				924687521DA58EFA006E8802 /* Assets.xcassets in Resources */,
				924687501DA58EFA006E8802 /* Main.storyboard in Resources */,
			);
			runOnlyForDeploymentPostprocessing = 0;
		};
/* End PBXResourcesBuildPhase section */

/* Begin PBXSourcesBuildPhase section */
		924687431DA58EFA006E8802 /* Sources */ = {
			isa = PBXSourcesBuildPhase;
			buildActionMask = 2147483647;
			files = (
				9246874D1DA58EFA006E8802 /* ViewController.swift in Sources */,
				9246874B1DA58EFA006E8802 /* AppDelegate.swift in Sources */,
			);
			runOnlyForDeploymentPostprocessing = 0;
		};
/* End PBXSourcesBuildPhase section */

/* Begin PBXVariantGroup section */
		9246874E1DA58EFA006E8802 /* Main.storyboard */ = {
			isa = PBXVariantGroup;
			children = (
				9246874F1DA58EFA006E8802 /* Base */,
			);
			name = Main.storyboard;
			sourceTree = "<group>";
		};
		924687531DA58EFA006E8802 /* LaunchScreen.storyboard */ = {
			isa = PBXVariantGroup;
			children = (
				924687541DA58EFA006E8802 /* Base */,
			);
			name = LaunchScreen.storyboard;
			sourceTree = "<group>";
		};
/* End PBXVariantGroup section */

/* Begin XCBuildConfiguration section */
		924687571DA58EFA006E8802 /* Debug */ = {
			isa = XCBuildConfiguration;
			buildSettings = {
				ALWAYS_SEARCH_USER_PATHS = NO;
				CLANG_ANALYZER_NONNULL = YES;
				CLANG_CXX_LANGUAGE_STANDARD = "gnu++0x";
				CLANG_CXX_LIBRARY = "libc++";
				CLANG_ENABLE_MODULES = YES;
				CLANG_ENABLE_OBJC_ARC = YES;
				CLANG_WARN_BOOL_CONVERSION = YES;
				CLANG_WARN_CONSTANT_CONVERSION = YES;
				CLANG_WARN_DIRECT_OBJC_ISA_USAGE = YES_ERROR;
				CLANG_WARN_DOCUMENTATION_COMMENTS = YES;
				CLANG_WARN_EMPTY_BODY = YES;
				CLANG_WARN_ENUM_CONVERSION = YES;
				CLANG_WARN_INFINITE_RECURSION = YES;
				CLANG_WARN_INT_CONVERSION = YES;
				CLANG_WARN_OBJC_ROOT_CLASS = YES_ERROR;
				CLANG_WARN_SUSPICIOUS_MOVES = YES;
				CLANG_WARN_UNREACHABLE_CODE = YES;
				CLANG_WARN__DUPLICATE_METHOD_MATCH = YES;
				"CODE_SIGN_IDENTITY[sdk=iphoneos*]" = "iPhone Developer";
				COPY_PHASE_STRIP = NO;
				DEBUG_INFORMATION_FORMAT = dwarf;
				ENABLE_STRICT_OBJC_MSGSEND = YES;
				ENABLE_TESTABILITY = YES;
				GCC_C_LANGUAGE_STANDARD = gnu99;
				GCC_DYNAMIC_NO_PIC = NO;
				GCC_NO_COMMON_BLOCKS = YES;
				GCC_OPTIMIZATION_LEVEL = 0;
				GCC_PREPROCESSOR_DEFINITIONS = (
					"DEBUG=1",
					"$(inherited)",
				);
				GCC_WARN_64_TO_32_BIT_CONVERSION = YES;
				GCC_WARN_ABOUT_RETURN_TYPE = YES_ERROR;
				GCC_WARN_UNDECLARED_SELECTOR = YES;
				GCC_WARN_UNINITIALIZED_AUTOS = YES_AGGRESSIVE;
				GCC_WARN_UNUSED_FUNCTION = YES;
				GCC_WARN_UNUSED_VARIABLE = YES;
				IPHONEOS_DEPLOYMENT_TARGET = 10.0;
				MTL_ENABLE_DEBUG_INFO = YES;
				ONLY_ACTIVE_ARCH = YES;
				SDKROOT = iphoneos;
				SWIFT_ACTIVE_COMPILATION_CONDITIONS = DEBUG;
				SWIFT_OPTIMIZATION_LEVEL = "-Onone";
				TARGETED_DEVICE_FAMILY = "1,2";
			};
			name = Debug;
		};
		924687581DA58EFA006E8802 /* Release */ = {
			isa = XCBuildConfiguration;
			buildSettings = {
				ALWAYS_SEARCH_USER_PATHS = NO;
				CLANG_ANALYZER_NONNULL = YES;
				CLANG_CXX_LANGUAGE_STANDARD = "gnu++0x";
				CLANG_CXX_LIBRARY = "libc++";
				CLANG_ENABLE_MODULES = YES;
				CLANG_ENABLE_OBJC_ARC = YES;
				CLANG_WARN_BOOL_CONVERSION = YES;
				CLANG_WARN_CONSTANT_CONVERSION = YES;
				CLANG_WARN_DIRECT_OBJC_ISA_USAGE = YES_ERROR;
				CLANG_WARN_DOCUMENTATION_COMMENTS = YES;
				CLANG_WARN_EMPTY_BODY = YES;
				CLANG_WARN_ENUM_CONVERSION = YES;
				CLANG_WARN_INFINITE_RECURSION = YES;
				CLANG_WARN_INT_CONVERSION = YES;
				CLANG_WARN_OBJC_ROOT_CLASS = YES_ERROR;
				CLANG_WARN_SUSPICIOUS_MOVES = YES;
				CLANG_WARN_UNREACHABLE_CODE = YES;
				CLANG_WARN__DUPLICATE_METHOD_MATCH = YES;
				"CODE_SIGN_IDENTITY[sdk=iphoneos*]" = "iPhone Developer";
				COPY_PHASE_STRIP = NO;
				DEBUG_INFORMATION_FORMAT = "dwarf-with-dsym";
				ENABLE_NS_ASSERTIONS = NO;
				ENABLE_STRICT_OBJC_MSGSEND = YES;
				GCC_C_LANGUAGE_STANDARD = gnu99;
				GCC_NO_COMMON_BLOCKS = YES;
				GCC_WARN_64_TO_32_BIT_CONVERSION = YES;
				GCC_WARN_ABOUT_RETURN_TYPE = YES_ERROR;
				GCC_WARN_UNDECLARED_SELECTOR = YES;
				GCC_WARN_UNINITIALIZED_AUTOS = YES_AGGRESSIVE;
				GCC_WARN_UNUSED_FUNCTION = YES;
				GCC_WARN_UNUSED_VARIABLE = YES;
				IPHONEOS_DEPLOYMENT_TARGET = 10.0;
				MTL_ENABLE_DEBUG_INFO = NO;
				SDKROOT = iphoneos;
				SWIFT_OPTIMIZATION_LEVEL = "-Owholemodule";
				TARGETED_DEVICE_FAMILY = "1,2";
				VALIDATE_PRODUCT = YES;
			};
			name = Release;
		};
		9246875A1DA58EFA006E8802 /* Debug */ = {
			isa = XCBuildConfiguration;
			buildSettings = {
				ASSETCATALOG_COMPILER_APPICON_NAME = AppIcon;
				INFOPLIST_FILE = unitAssessment/Info.plist;
				LD_RUNPATH_SEARCH_PATHS = "$(inherited) @executable_path/Frameworks";
				PRODUCT_BUNDLE_IDENTIFIER = nyc.c4q.kareemjames.unitAssessment;
				PRODUCT_NAME = "$(TARGET_NAME)";
				SWIFT_VERSION = 3.0;
			};
			name = Debug;
		};
		9246875B1DA58EFA006E8802 /* Release */ = {
			isa = XCBuildConfiguration;
			buildSettings = {
				ASSETCATALOG_COMPILER_APPICON_NAME = AppIcon;
				INFOPLIST_FILE = unitAssessment/Info.plist;
				LD_RUNPATH_SEARCH_PATHS = "$(inherited) @executable_path/Frameworks";
				PRODUCT_BUNDLE_IDENTIFIER = nyc.c4q.kareemjames.unitAssessment;
				PRODUCT_NAME = "$(TARGET_NAME)";
				SWIFT_VERSION = 3.0;
			};
			name = Release;
		};
/* End XCBuildConfiguration section */

/* Begin XCConfigurationList section */
		924687421DA58EFA006E8802 /* Build configuration list for PBXProject "unitAssessment" */ = {
			isa = XCConfigurationList;
			buildConfigurations = (
				924687571DA58EFA006E8802 /* Debug */,
				924687581DA58EFA006E8802 /* Release */,
			);
			defaultConfigurationIsVisible = 0;
			defaultConfigurationName = Release;
		};
		924687591DA58EFA006E8802 /* Build configuration list for PBXNativeTarget "unitAssessment" */ = {
			isa = XCConfigurationList;
			buildConfigurations = (
				9246875A1DA58EFA006E8802 /* Debug */,
				9246875B1DA58EFA006E8802 /* Release */,
			);
			defaultConfigurationIsVisible = 0;
		};
/* End XCConfigurationList section */
	};
	rootObject = 9246873F1DA58EFA006E8802 /* Project object */;
}
